
Microsoft Visual Studio Solution File, Format Version 12.00
# Visual Studio Version 16
VisualStudioVersion = 16.0.30204.135
MinimumVisualStudioVersion = 10.0.40219.1
Project("{FAE04EC0-301F-11D3-BF4B-00C04F79EFBC}") = "R3BinderTools", "R3BinderTools.csproj", "{E8A6CA97-21B2-4A22-8ED2-7D46F51540FA}"
EndProject
Global
	GlobalSection(SolutionConfigurationPlatforms) = preSolution
		Debug|Any CPU = Debug|Any CPU
		Release|Any CPU = Release|Any CPU
	EndGlobalSection
	GlobalSection(ProjectConfigurationPlatforms) = postSolution
		{E8A6CA97-21B2-4A22-8ED2-7D46F51540FA}.Debug|Any CPU.ActiveCfg = Debug|Any CPU
		{E8A6CA97-21B2-4A22-8ED2-7D46F51540FA}.Debug|Any CPU.Build.0 = Debug|Any CPU
		{E8A6CA97-21B2-4A22-8ED2-7D46F51540FA}.Release|Any CPU.ActiveCfg = Release|Any CPU
		{E8A6CA97-21B2-4A22-8ED2-7D46F51540FA}.Release|Any CPU.Build.0 = Release|Any CPU
	EndGlobalSection
	GlobalSection(SolutionProperties) = preSolution
		HideSolutionNode = FALSE
	EndGlobalSection
	GlobalSection(ExtensibilityGlobals) = postSolution
		SolutionGuid = {C32D5199-3483-4A76-BD09-D22049B44E1B}
	EndGlobalSection
EndGlobal
